
Microsoft Visual Studio Solution File, Format Version 12.00
# Visual Studio Version 17
VisualStudioVersion = 17.8.34525.116
MinimumVisualStudioVersion = 10.0.40219.1
Project("{FAE04EC0-301F-11D3-BF4B-00C04F79EFBC}") = "NewTalents", "NewTalents\NewTalents.csproj", "{5AE04F76-52C1-4FEF-9C98-89E36E35E90D}"
EndProject
Project("{FAE04EC0-301F-11D3-BF4B-00C04F79EFBC}") = "TesteNewTalents", "TesteNewTalents\TesteNewTalents.csproj", "{B5AACDCE-537A-447A-B6EC-185BA0B02E44}"
EndProject
Global
	GlobalSection(SolutionConfigurationPlatforms) = preSolution
		Debug|Any CPU = Debug|Any CPU
		Release|Any CPU = Release|Any CPU
	EndGlobalSection
	GlobalSection(ProjectConfigurationPlatforms) = postSolution
		{5AE04F76-52C1-4FEF-9C98-89E36E35E90D}.Debug|Any CPU.ActiveCfg = Debug|Any CPU
		{5AE04F76-52C1-4FEF-9C98-89E36E35E90D}.Debug|Any CPU.Build.0 = Debug|Any CPU
		{5AE04F76-52C1-4FEF-9C98-89E36E35E90D}.Release|Any CPU.ActiveCfg = Release|Any CPU
		{5AE04F76-52C1-4FEF-9C98-89E36E35E90D}.Release|Any CPU.Build.0 = Release|Any CPU
		{B5AACDCE-537A-447A-B6EC-185BA0B02E44}.Debug|Any CPU.ActiveCfg = Debug|Any CPU
		{B5AACDCE-537A-447A-B6EC-185BA0B02E44}.Debug|Any CPU.Build.0 = Debug|Any CPU
		{B5AACDCE-537A-447A-B6EC-185BA0B02E44}.Release|Any CPU.ActiveCfg = Release|Any CPU
		{B5AACDCE-537A-447A-B6EC-185BA0B02E44}.Release|Any CPU.Build.0 = Release|Any CPU
	EndGlobalSection
	GlobalSection(SolutionProperties) = preSolution
		HideSolutionNode = FALSE
	EndGlobalSection
	GlobalSection(ExtensibilityGlobals) = postSolution
		SolutionGuid = {47758BF3-BBA3-4AB3-96DB-26A6C64FFA55}
	EndGlobalSection
EndGlobal
